{
  "nodes": {
    "flakeNimbleLib": {
      "inputs": {
        "nixpkgs": [
          "nixpkgs"
        ]
      },
      "locked": {
        "lastModified": 1662018438,
        "narHash": "sha256-QtNtU6+LX3Wokxf0zlFwKTFOcn6TeDjKQZ+DA9OYtvM=",
        "owner": "riinr",
        "repo": "nim-flakes-lib",
        "rev": "b1fe8340736e3a85d25c709ac3dfd82a55c03cbf",
        "type": "github"
      },
      "original": {
        "owner": "riinr",
        "ref": "master",
        "repo": "nim-flakes-lib",
        "type": "github"
      }
    },
    "hashids-master": {
      "inputs": {
        "flakeNimbleLib": [
          "flakeNimbleLib"
        ],
        "nixpkgs": [
          "nixpkgs"
        ],
        "src-hashids-master": "src-hashids-master"
      },
      "locked": {
        "dir": "master",
        "lastModified": 1662254522,
        "narHash": "sha256-lJL8Wz7KmUbErrUsDZhAE9WK0jX8eKyQnvFlQ1OiZNY=",
        "owner": "nim-nix-pkgs",
        "repo": "hashids",
        "rev": "b1cd9a4df9a585d417a3bcdcc0381c4a8fa14fee",
        "type": "github"
      },
      "original": {
        "dir": "master",
        "owner": "nim-nix-pkgs",
        "ref": "master",
        "repo": "hashids",
        "type": "github"
      }
    },
    "nixpkgs": {
      "locked": {
        "lastModified": 1667110639,
        "narHash": "sha256-4FbPESZ5LbqQxkJJJBAfk/zKgF9h/4kyUwjjpJwYlbc=",
        "owner": "NixOS",
        "repo": "nixpkgs",
        "rev": "f38a1f04d1bec1feb61fd101a0539ae2002a7087",
        "type": "github"
      },
      "original": {
        "id": "nixpkgs",
        "type": "indirect"
      }
    },
    "root": {
      "inputs": {
        "flakeNimbleLib": "flakeNimbleLib",
        "hashids-master": "hashids-master",
        "nixpkgs": "nixpkgs"
      }
    },
    "src-hashids-master": {
      "flake": false,
      "locked": {
        "lastModified": 1538871789,
        "narHash": "sha256-mWRSVM6yP2o9J0bQtpqJoefD9rPEh9/274P+pF1diys=",
        "owner": "achesak",
        "repo": "nim-hashids",
        "rev": "e83754f45d2a2efb5efdef569e17ff80240261ca",
        "type": "github"
      },
      "original": {
        "owner": "achesak",
        "ref": "refs/heads/master",
        "repo": "nim-hashids",
        "type": "github"
      }
    }
  },
  "root": "root",
  "version": 7
}
